
Microsoft Visual Studio Solution File, Format Version 11.00
# Visual Studio 2010
Project("{FAE04EC0-301F-11D3-BF4B-00C04F79EFBC}") = "Assembly-CSharp", "Assembly-CSharp.csproj", "{09827516-3426-474C-D9A2-1811A332004F}"
EndProject
Project("{FAE04EC0-301F-11D3-BF4B-00C04F79EFBC}") = "Assembly-CSharp-firstpass", "Assembly-CSharp-firstpass.csproj", "{BB1BB3C5-335A-69B1-A2E8-5D847513CD70}"
EndProject
Project("{FAE04EC0-301F-11D3-BF4B-00C04F79EFBC}") = "Assembly-CSharp-Editor-firstpass", "Assembly-CSharp-Editor-firstpass.csproj", "{E8445884-B263-181C-C44C-7F8E346A5BCE}"
EndProject
Global
	GlobalSection(SolutionConfigurationPlatforms) = preSolution
		Debug|Any CPU = Debug|Any CPU
		Release|Any CPU = Release|Any CPU
	EndGlobalSection
	GlobalSection(ProjectConfigurationPlatforms) = postSolution
		{09827516-3426-474C-D9A2-1811A332004F}.Debug|Any CPU.ActiveCfg = Debug|Any CPU
		{09827516-3426-474C-D9A2-1811A332004F}.Debug|Any CPU.Build.0 = Debug|Any CPU
		{09827516-3426-474C-D9A2-1811A332004F}.Release|Any CPU.ActiveCfg = Release|Any CPU
		{09827516-3426-474C-D9A2-1811A332004F}.Release|Any CPU.Build.0 = Release|Any CPU
		{BB1BB3C5-335A-69B1-A2E8-5D847513CD70}.Debug|Any CPU.ActiveCfg = Debug|Any CPU
		{BB1BB3C5-335A-69B1-A2E8-5D847513CD70}.Debug|Any CPU.Build.0 = Debug|Any CPU
		{BB1BB3C5-335A-69B1-A2E8-5D847513CD70}.Release|Any CPU.ActiveCfg = Release|Any CPU
		{BB1BB3C5-335A-69B1-A2E8-5D847513CD70}.Release|Any CPU.Build.0 = Release|Any CPU
		{E8445884-B263-181C-C44C-7F8E346A5BCE}.Debug|Any CPU.ActiveCfg = Debug|Any CPU
		{E8445884-B263-181C-C44C-7F8E346A5BCE}.Debug|Any CPU.Build.0 = Debug|Any CPU
		{E8445884-B263-181C-C44C-7F8E346A5BCE}.Release|Any CPU.ActiveCfg = Release|Any CPU
		{E8445884-B263-181C-C44C-7F8E346A5BCE}.Release|Any CPU.Build.0 = Release|Any CPU
	EndGlobalSection
	GlobalSection(SolutionProperties) = preSolution
		HideSolutionNode = FALSE
	EndGlobalSection
	GlobalSection(MonoDevelopProperties) = preSolution
		StartupItem = Assembly-CSharp.csproj
	EndGlobalSection
EndGlobal
